// !$*UTF8*$!
{
	archiveVersion = 1;
	classes = {
	};
	objectVersion = 50;
	objects = {

/* Begin PBXBuildFile section */
		18861F2726C0FC08005D25A9 /* AppDelegate.m in Sources */ = {isa = PBXBuildFile; fileRef = 18861F2626C0FC08005D25A9 /* AppDelegate.m */; };
		18861F2A26C0FC08005D25A9 /* SceneDelegate.m in Sources */ = {isa = PBXBuildFile; fileRef = 18861F2926C0FC08005D25A9 /* SceneDelegate.m */; };
		18861F2D26C0FC08005D25A9 /* ViewController.m in Sources */ = {isa = PBXBuildFile; fileRef = 18861F2C26C0FC08005D25A9 /* ViewController.m */; };
		18861F3026C0FC08005D25A9 /* Main.storyboard in Resources */ = {isa = PBXBuildFile; fileRef = 18861F2E26C0FC08005D25A9 /* Main.storyboard */; };
		18861F3226C0FC0A005D25A9 /* Assets.xcassets in Resources */ = {isa = PBXBuildFile; fileRef = 18861F3126C0FC0A005D25A9 /* Assets.xcassets */; };
		18861F3526C0FC0A005D25A9 /* LaunchScreen.storyboard in Resources */ = {isa = PBXBuildFile; fileRef = 18861F3326C0FC0A005D25A9 /* LaunchScreen.storyboard */; };
		18861F3826C0FC0A005D25A9 /* main.m in Sources */ = {isa = PBXBuildFile; fileRef = 18861F3726C0FC0A005D25A9 /* main.m */; };
		18861F4126C0FC8D005D25A9 /* Stock.m in Sources */ = {isa = PBXBuildFile; fileRef = 18861F4026C0FC8D005D25A9 /* Stock.m */; };
		18861F4426C0FCA9005D25A9 /* BuyStock.m in Sources */ = {isa = PBXBuildFile; fileRef = 18861F4326C0FCA9005D25A9 /* BuyStock.m */; };
		18861F4726C0FFBE005D25A9 /* SellStock.m in Sources */ = {isa = PBXBuildFile; fileRef = 18861F4626C0FFBE005D25A9 /* SellStock.m */; };
		18861F4A26C10127005D25A9 /* Broker.m in Sources */ = {isa = PBXBuildFile; fileRef = 18861F4926C10127005D25A9 /* Broker.m */; };
/* End PBXBuildFile section */

/* Begin PBXFileReference section */
		18861F2226C0FC08005D25A9 /* Command.app */ = {isa = PBXFileReference; explicitFileType = wrapper.application; includeInIndex = 0; path = Command.app; sourceTree = BUILT_PRODUCTS_DIR; };
		18861F2526C0FC08005D25A9 /* AppDelegate.h */ = {isa = PBXFileReference; lastKnownFileType = sourcecode.c.h; path = AppDelegate.h; sourceTree = "<group>"; };
		18861F2626C0FC08005D25A9 /* AppDelegate.m */ = {isa = PBXFileReference; lastKnownFileType = sourcecode.c.objc; path = AppDelegate.m; sourceTree = "<group>"; };
		18861F2826C0FC08005D25A9 /* SceneDelegate.h */ = {isa = PBXFileReference; lastKnownFileType = sourcecode.c.h; path = SceneDelegate.h; sourceTree = "<group>"; };
		18861F2926C0FC08005D25A9 /* SceneDelegate.m */ = {isa = PBXFileReference; lastKnownFileType = sourcecode.c.objc; path = SceneDelegate.m; sourceTree = "<group>"; };
		18861F2B26C0FC08005D25A9 /* ViewController.h */ = {isa = PBXFileReference; lastKnownFileType = sourcecode.c.h; path = ViewController.h; sourceTree = "<group>"; };
		18861F2C26C0FC08005D25A9 /* ViewController.m */ = {isa = PBXFileReference; lastKnownFileType = sourcecode.c.objc; path = ViewController.m; sourceTree = "<group>"; };
		18861F2F26C0FC08005D25A9 /* Base */ = {isa = PBXFileReference; lastKnownFileType = file.storyboard; name = Base; path = Base.lproj/Main.storyboard; sourceTree = "<group>"; };
		18861F3126C0FC0A005D25A9 /* Assets.xcassets */ = {isa = PBXFileReference; lastKnownFileType = folder.assetcatalog; path = Assets.xcassets; sourceTree = "<group>"; };
		18861F3426C0FC0A005D25A9 /* Base */ = {isa = PBXFileReference; lastKnownFileType = file.storyboard; name = Base; path = Base.lproj/LaunchScreen.storyboard; sourceTree = "<group>"; };
		18861F3626C0FC0A005D25A9 /* Info.plist */ = {isa = PBXFileReference; lastKnownFileType = text.plist.xml; path = Info.plist; sourceTree = "<group>"; };
		18861F3726C0FC0A005D25A9 /* main.m */ = {isa = PBXFileReference; lastKnownFileType = sourcecode.c.objc; path = main.m; sourceTree = "<group>"; };
		18861F3E26C0FC56005D25A9 /* Order.h */ = {isa = PBXFileReference; lastKnownFileType = sourcecode.c.h; path = Order.h; sourceTree = "<group>"; };
		18861F3F26C0FC8D005D25A9 /* Stock.h */ = {isa = PBXFileReference; lastKnownFileType = sourcecode.c.h; path = Stock.h; sourceTree = "<group>"; };
		18861F4026C0FC8D005D25A9 /* Stock.m */ = {isa = PBXFileReference; lastKnownFileType = sourcecode.c.objc; path = Stock.m; sourceTree = "<group>"; };
		18861F4226C0FCA9005D25A9 /* BuyStock.h */ = {isa = PBXFileReference; lastKnownFileType = sourcecode.c.h; path = BuyStock.h; sourceTree = "<group>"; };
		18861F4326C0FCA9005D25A9 /* BuyStock.m */ = {isa = PBXFileReference; lastKnownFileType = sourcecode.c.objc; path = BuyStock.m; sourceTree = "<group>"; };
		18861F4526C0FFBE005D25A9 /* SellStock.h */ = {isa = PBXFileReference; lastKnownFileType = sourcecode.c.h; path = SellStock.h; sourceTree = "<group>"; };
		18861F4626C0FFBE005D25A9 /* SellStock.m */ = {isa = PBXFileReference; lastKnownFileType = sourcecode.c.objc; path = SellStock.m; sourceTree = "<group>"; };
		18861F4826C10127005D25A9 /* Broker.h */ = {isa = PBXFileReference; lastKnownFileType = sourcecode.c.h; path = Broker.h; sourceTree = "<group>"; };
		18861F4926C10127005D25A9 /* Broker.m */ = {isa = PBXFileReference; lastKnownFileType = sourcecode.c.objc; path = Broker.m; sourceTree = "<group>"; };
/* End PBXFileReference section */

/* Begin PBXFrameworksBuildPhase section */
		18861F1F26C0FC08005D25A9 /* Frameworks */ = {
			isa = PBXFrameworksBuildPhase;
			buildActionMask = 2147483647;
			files = (
			);
			runOnlyForDeploymentPostprocessing = 0;
		};
/* End PBXFrameworksBuildPhase section */

/* Begin PBXGroup section */
		18861F1926C0FC08005D25A9 = {
			isa = PBXGroup;
			children = (
				18861F2426C0FC08005D25A9 /* Command */,
				18861F2326C0FC08005D25A9 /* Products */,
			);
			sourceTree = "<group>";
		};
		18861F2326C0FC08005D25A9 /* Products */ = {
			isa = PBXGroup;
			children = (
				18861F2226C0FC08005D25A9 /* Command.app */,
			);
			name = Products;
			sourceTree = "<group>";
		};
		18861F2426C0FC08005D25A9 /* Command */ = {
			isa = PBXGroup;
			children = (
				18861F2526C0FC08005D25A9 /* AppDelegate.h */,
				18861F2626C0FC08005D25A9 /* AppDelegate.m */,
				18861F2826C0FC08005D25A9 /* SceneDelegate.h */,
				18861F2926C0FC08005D25A9 /* SceneDelegate.m */,
				18861F2B26C0FC08005D25A9 /* ViewController.h */,
				18861F2C26C0FC08005D25A9 /* ViewController.m */,
				18861F3E26C0FC56005D25A9 /* Order.h */,
				18861F3F26C0FC8D005D25A9 /* Stock.h */,
				18861F4026C0FC8D005D25A9 /* Stock.m */,
				18861F4226C0FCA9005D25A9 /* BuyStock.h */,
				18861F4326C0FCA9005D25A9 /* BuyStock.m */,
				18861F4526C0FFBE005D25A9 /* SellStock.h */,
				18861F4626C0FFBE005D25A9 /* SellStock.m */,
				18861F4826C10127005D25A9 /* Broker.h */,
				18861F4926C10127005D25A9 /* Broker.m */,
				18861F2E26C0FC08005D25A9 /* Main.storyboard */,
				18861F3126C0FC0A005D25A9 /* Assets.xcassets */,
				18861F3326C0FC0A005D25A9 /* LaunchScreen.storyboard */,
				18861F3626C0FC0A005D25A9 /* Info.plist */,
				18861F3726C0FC0A005D25A9 /* main.m */,
			);
			path = Command;
			sourceTree = "<group>";
		};
/* End PBXGroup section */

/* Begin PBXNativeTarget section */
		18861F2126C0FC08005D25A9 /* Command */ = {
			isa = PBXNativeTarget;
			buildConfigurationList = 18861F3B26C0FC0A005D25A9 /* Build configuration list for PBXNativeTarget "Command" */;
			buildPhases = (
				18861F1E26C0FC08005D25A9 /* Sources */,
				18861F1F26C0FC08005D25A9 /* Frameworks */,
				18861F2026C0FC08005D25A9 /* Resources */,
			);
			buildRules = (
			);
			dependencies = (
			);
			name = Command;
			productName = Command;
			productReference = 18861F2226C0FC08005D25A9 /* Command.app */;
			productType = "com.apple.product-type.application";
		};
/* End PBXNativeTarget section */

/* Begin PBXProject section */
		18861F1A26C0FC08005D25A9 /* Project object */ = {
			isa = PBXProject;
			attributes = {
				LastUpgradeCheck = 1250;
				TargetAttributes = {
					18861F2126C0FC08005D25A9 = {
						CreatedOnToolsVersion = 12.5.1;
					};
				};
			};
			buildConfigurationList = 18861F1D26C0FC08005D25A9 /* Build configuration list for PBXProject "Command" */;
			compatibilityVersion = "Xcode 9.3";
			developmentRegion = en;
			hasScannedForEncodings = 0;
			knownRegions = (
				en,
				Base,
			);
			mainGroup = 18861F1926C0FC08005D25A9;
			productRefGroup = 18861F2326C0FC08005D25A9 /* Products */;
			projectDirPath = "";
			projectRoot = "";
			targets = (
				18861F2126C0FC08005D25A9 /* Command */,
			);
		};
/* End PBXProject section */

/* Begin PBXResourcesBuildPhase section */
		18861F2026C0FC08005D25A9 /* Resources */ = {
			isa = PBXResourcesBuildPhase;
			buildActionMask = 2147483647;
			files = (
				18861F3526C0FC0A005D25A9 /* LaunchScreen.storyboard in Resources */,
				18861F3226C0FC0A005D25A9 /* Assets.xcassets in Resources */,
				18861F3026C0FC08005D25A9 /* Main.storyboard in Resources */,
			);
			runOnlyForDeploymentPostprocessing = 0;
		};
/* End PBXResourcesBuildPhase section */

/* Begin PBXSourcesBuildPhase section */
		18861F1E26C0FC08005D25A9 /* Sources */ = {
			isa = PBXSourcesBuildPhase;
			buildActionMask = 2147483647;
			files = (
				18861F4A26C10127005D25A9 /* Broker.m in Sources */,
				18861F2D26C0FC08005D25A9 /* ViewController.m in Sources */,
				18861F2726C0FC08005D25A9 /* AppDelegate.m in Sources */,
				18861F3826C0FC0A005D25A9 /* main.m in Sources */,
				18861F2A26C0FC08005D25A9 /* SceneDelegate.m in Sources */,
				18861F4126C0FC8D005D25A9 /* Stock.m in Sources */,
				18861F4726C0FFBE005D25A9 /* SellStock.m in Sources */,
				18861F4426C0FCA9005D25A9 /* BuyStock.m in Sources */,
			);
			runOnlyForDeploymentPostprocessing = 0;
		};
/* End PBXSourcesBuildPhase section */

/* Begin PBXVariantGroup section */
		18861F2E26C0FC08005D25A9 /* Main.storyboard */ = {
			isa = PBXVariantGroup;
			children = (
				18861F2F26C0FC08005D25A9 /* Base */,
			);
			name = Main.storyboard;
			sourceTree = "<group>";
		};
		18861F3326C0FC0A005D25A9 /* LaunchScreen.storyboard */ = {
			isa = PBXVariantGroup;
			children = (
				18861F3426C0FC0A005D25A9 /* Base */,
			);
			name = LaunchScreen.storyboard;
			sourceTree = "<group>";
		};
/* End PBXVariantGroup section */

/* Begin XCBuildConfiguration section */
		18861F3926C0FC0A005D25A9 /* Debug */ = {
			isa = XCBuildConfiguration;
			buildSettings = {
				ALWAYS_SEARCH_USER_PATHS = NO;
				CLANG_ANALYZER_NONNULL = YES;
				CLANG_ANALYZER_NUMBER_OBJECT_CONVERSION = YES_AGGRESSIVE;
				CLANG_CXX_LANGUAGE_STANDARD = "gnu++14";
				CLANG_CXX_LIBRARY = "libc++";
				CLANG_ENABLE_MODULES = YES;
				CLANG_ENABLE_OBJC_ARC = YES;
				CLANG_ENABLE_OBJC_WEAK = YES;
				CLANG_WARN_BLOCK_CAPTURE_AUTORELEASING = YES;
				CLANG_WARN_BOOL_CONVERSION = YES;
				CLANG_WARN_COMMA = YES;
				CLANG_WARN_CONSTANT_CONVERSION = YES;
				CLANG_WARN_DEPRECATED_OBJC_IMPLEMENTATIONS = YES;
				CLANG_WARN_DIRECT_OBJC_ISA_USAGE = YES_ERROR;
				CLANG_WARN_DOCUMENTATION_COMMENTS = YES;
				CLANG_WARN_EMPTY_BODY = YES;
				CLANG_WARN_ENUM_CONVERSION = YES;
				CLANG_WARN_INFINITE_RECURSION = YES;
				CLANG_WARN_INT_CONVERSION = YES;
				CLANG_WARN_NON_LITERAL_NULL_CONVERSION = YES;
				CLANG_WARN_OBJC_IMPLICIT_RETAIN_SELF = YES;
				CLANG_WARN_OBJC_LITERAL_CONVERSION = YES;
				CLANG_WARN_OBJC_ROOT_CLASS = YES_ERROR;
				CLANG_WARN_QUOTED_INCLUDE_IN_FRAMEWORK_HEADER = YES;
				CLANG_WARN_RANGE_LOOP_ANALYSIS = YES;
				CLANG_WARN_STRICT_PROTOTYPES = YES;
				CLANG_WARN_SUSPICIOUS_MOVE = YES;
				CLANG_WARN_UNGUARDED_AVAILABILITY = YES_AGGRESSIVE;
				CLANG_WARN_UNREACHABLE_CODE = YES;
				CLANG_WARN__DUPLICATE_METHOD_MATCH = YES;
				COPY_PHASE_STRIP = NO;
				DEBUG_INFORMATION_FORMAT = dwarf;
				ENABLE_STRICT_OBJC_MSGSEND = YES;
				ENABLE_TESTABILITY = YES;
				GCC_C_LANGUAGE_STANDARD = gnu11;
				GCC_DYNAMIC_NO_PIC = NO;
				GCC_NO_COMMON_BLOCKS = YES;
				GCC_OPTIMIZATION_LEVEL = 0;
				GCC_PREPROCESSOR_DEFINITIONS = (
					"DEBUG=1",
					"$(inherited)",
				);
				GCC_WARN_64_TO_32_BIT_CONVERSION = YES;
				GCC_WARN_ABOUT_RETURN_TYPE = YES_ERROR;
				GCC_WARN_UNDECLARED_SELECTOR = YES;
				GCC_WARN_UNINITIALIZED_AUTOS = YES_AGGRESSIVE;
				GCC_WARN_UNUSED_FUNCTION = YES;
				GCC_WARN_UNUSED_VARIABLE = YES;
				IPHONEOS_DEPLOYMENT_TARGET = 14.5;
				MTL_ENABLE_DEBUG_INFO = INCLUDE_SOURCE;
				MTL_FAST_MATH = YES;
				ONLY_ACTIVE_ARCH = YES;
				SDKROOT = iphoneos;
			};
			name = Debug;
		};
		18861F3A26C0FC0A005D25A9 /* Release */ = {
			isa = XCBuildConfiguration;
			buildSettings = {
				ALWAYS_SEARCH_USER_PATHS = NO;
				CLANG_ANALYZER_NONNULL = YES;
				CLANG_ANALYZER_NUMBER_OBJECT_CONVERSION = YES_AGGRESSIVE;
				CLANG_CXX_LANGUAGE_STANDARD = "gnu++14";
				CLANG_CXX_LIBRARY = "libc++";
				CLANG_ENABLE_MODULES = YES;
				CLANG_ENABLE_OBJC_ARC = YES;
				CLANG_ENABLE_OBJC_WEAK = YES;
				CLANG_WARN_BLOCK_CAPTURE_AUTORELEASING = YES;
				CLANG_WARN_BOOL_CONVERSION = YES;
				CLANG_WARN_COMMA = YES;
				CLANG_WARN_CONSTANT_CONVERSION = YES;
				CLANG_WARN_DEPRECATED_OBJC_IMPLEMENTATIONS = YES;
				CLANG_WARN_DIRECT_OBJC_ISA_USAGE = YES_ERROR;
				CLANG_WARN_DOCUMENTATION_COMMENTS = YES;
				CLANG_WARN_EMPTY_BODY = YES;
				CLANG_WARN_ENUM_CONVERSION = YES;
				CLANG_WARN_INFINITE_RECURSION = YES;
				CLANG_WARN_INT_CONVERSION = YES;
				CLANG_WARN_NON_LITERAL_NULL_CONVERSION = YES;
				CLANG_WARN_OBJC_IMPLICIT_RETAIN_SELF = YES;
				CLANG_WARN_OBJC_LITERAL_CONVERSION = YES;
				CLANG_WARN_OBJC_ROOT_CLASS = YES_ERROR;
				CLANG_WARN_QUOTED_INCLUDE_IN_FRAMEWORK_HEADER = YES;
				CLANG_WARN_RANGE_LOOP_ANALYSIS = YES;
				CLANG_WARN_STRICT_PROTOTYPES = YES;
				CLANG_WARN_SUSPICIOUS_MOVE = YES;
				CLANG_WARN_UNGUARDED_AVAILABILITY = YES_AGGRESSIVE;
				CLANG_WARN_UNREACHABLE_CODE = YES;
				CLANG_WARN__DUPLICATE_METHOD_MATCH = YES;
				COPY_PHASE_STRIP = NO;
				DEBUG_INFORMATION_FORMAT = "dwarf-with-dsym";
				ENABLE_NS_ASSERTIONS = NO;
				ENABLE_STRICT_OBJC_MSGSEND = YES;
				GCC_C_LANGUAGE_STANDARD = gnu11;
				GCC_NO_COMMON_BLOCKS = YES;
				GCC_WARN_64_TO_32_BIT_CONVERSION = YES;
				GCC_WARN_ABOUT_RETURN_TYPE = YES_ERROR;
				GCC_WARN_UNDECLARED_SELECTOR = YES;
				GCC_WARN_UNINITIALIZED_AUTOS = YES_AGGRESSIVE;
				GCC_WARN_UNUSED_FUNCTION = YES;
				GCC_WARN_UNUSED_VARIABLE = YES;
				IPHONEOS_DEPLOYMENT_TARGET = 14.5;
				MTL_ENABLE_DEBUG_INFO = NO;
				MTL_FAST_MATH = YES;
				SDKROOT = iphoneos;
				VALIDATE_PRODUCT = YES;
			};
			name = Release;
		};
		18861F3C26C0FC0A005D25A9 /* Debug */ = {
			isa = XCBuildConfiguration;
			buildSettings = {
				ASSETCATALOG_COMPILER_APPICON_NAME = AppIcon;
				ASSETCATALOG_COMPILER_GLOBAL_ACCENT_COLOR_NAME = AccentColor;
				CODE_SIGN_STYLE = Automatic;
				DEVELOPMENT_TEAM = 6WQ47XF85L;
				INFOPLIST_FILE = Command/Info.plist;
				LD_RUNPATH_SEARCH_PATHS = (
					"$(inherited)",
					"@executable_path/Frameworks",
				);
				PRODUCT_BUNDLE_IDENTIFIER = gmy.Command;
				PRODUCT_NAME = "$(TARGET_NAME)";
				TARGETED_DEVICE_FAMILY = "1,2";
			};
			name = Debug;
		};
		18861F3D26C0FC0A005D25A9 /* Release */ = {
			isa = XCBuildConfiguration;
			buildSettings = {
				ASSETCATALOG_COMPILER_APPICON_NAME = AppIcon;
				ASSETCATALOG_COMPILER_GLOBAL_ACCENT_COLOR_NAME = AccentColor;
				CODE_SIGN_STYLE = Automatic;
				DEVELOPMENT_TEAM = 6WQ47XF85L;
				INFOPLIST_FILE = Command/Info.plist;
				LD_RUNPATH_SEARCH_PATHS = (
					"$(inherited)",
					"@executable_path/Frameworks",
				);
				PRODUCT_BUNDLE_IDENTIFIER = gmy.Command;
				PRODUCT_NAME = "$(TARGET_NAME)";
				TARGETED_DEVICE_FAMILY = "1,2";
			};
			name = Release;
		};
/* End XCBuildConfiguration section */

/* Begin XCConfigurationList section */
		18861F1D26C0FC08005D25A9 /* Build configuration list for PBXProject "Command" */ = {
			isa = XCConfigurationList;
			buildConfigurations = (
				18861F3926C0FC0A005D25A9 /* Debug */,
				18861F3A26C0FC0A005D25A9 /* Release */,
			);
			defaultConfigurationIsVisible = 0;
			defaultConfigurationName = Release;
		};
		18861F3B26C0FC0A005D25A9 /* Build configuration list for PBXNativeTarget "Command" */ = {
			isa = XCConfigurationList;
			buildConfigurations = (
				18861F3C26C0FC0A005D25A9 /* Debug */,
				18861F3D26C0FC0A005D25A9 /* Release */,
			);
			defaultConfigurationIsVisible = 0;
			defaultConfigurationName = Release;
		};
/* End XCConfigurationList section */
	};
	rootObject = 18861F1A26C0FC08005D25A9 /* Project object */;
}
